
Microsoft Visual Studio Solution File, Format Version 12.00
# Visual Studio Version 16
VisualStudioVersion = 16.0.29806.167
MinimumVisualStudioVersion = 10.0.40219.1
Project("{FAE04EC0-301F-11D3-BF4B-00C04F79EFBC}") = "Patterns", "Patterns\Patterns.csproj", "{76A1048B-B4DC-40FF-A324-8B4380B7E5F0}"
EndProject
Global
	GlobalSection(SolutionConfigurationPlatforms) = preSolution
		Debug|Any CPU = Debug|Any CPU
		Release|Any CPU = Release|Any CPU
	EndGlobalSection
	GlobalSection(ProjectConfigurationPlatforms) = postSolution
		{76A1048B-B4DC-40FF-A324-8B4380B7E5F0}.Debug|Any CPU.ActiveCfg = Debug|Any CPU
		{76A1048B-B4DC-40FF-A324-8B4380B7E5F0}.Debug|Any CPU.Build.0 = Debug|Any CPU
		{76A1048B-B4DC-40FF-A324-8B4380B7E5F0}.Release|Any CPU.ActiveCfg = Release|Any CPU
		{76A1048B-B4DC-40FF-A324-8B4380B7E5F0}.Release|Any CPU.Build.0 = Release|Any CPU
	EndGlobalSection
	GlobalSection(SolutionProperties) = preSolution
		HideSolutionNode = FALSE
	EndGlobalSection
	GlobalSection(ExtensibilityGlobals) = postSolution
		SolutionGuid = {B8B4E3DF-F32A-4068-9217-0BDB24F598D7}
	EndGlobalSection
EndGlobal
